
Microsoft Visual Studio Solution File, Format Version 12.00
# Visual Studio Version 17
VisualStudioVersion = 17.13.35818.85 d17.13
MinimumVisualStudioVersion = 10.0.40219.1
Project("{FAE04EC0-301F-11D3-BF4B-00C04F79EFBC}") = "Quiz", "Quiz\Quiz.csproj", "{71BA4AD9-3456-4BAC-9B90-C0F387D23E7C}"
EndProject
Global
	GlobalSection(SolutionConfigurationPlatforms) = preSolution
		Debug|Any CPU = Debug|Any CPU
		Release|Any CPU = Release|Any CPU
	EndGlobalSection
	GlobalSection(ProjectConfigurationPlatforms) = postSolution
		{71BA4AD9-3456-4BAC-9B90-C0F387D23E7C}.Debug|Any CPU.ActiveCfg = Debug|Any CPU
		{71BA4AD9-3456-4BAC-9B90-C0F387D23E7C}.Debug|Any CPU.Build.0 = Debug|Any CPU
		{71BA4AD9-3456-4BAC-9B90-C0F387D23E7C}.Release|Any CPU.ActiveCfg = Release|Any CPU
		{71BA4AD9-3456-4BAC-9B90-C0F387D23E7C}.Release|Any CPU.Build.0 = Release|Any CPU
	EndGlobalSection
	GlobalSection(SolutionProperties) = preSolution
		HideSolutionNode = FALSE
	EndGlobalSection
	GlobalSection(ExtensibilityGlobals) = postSolution
		SolutionGuid = {A430BCF5-D407-4D2F-AD5A-AA9FC23795CA}
	EndGlobalSection
EndGlobal
